{
  "name": "hydrate-npm",
  "version": "1.0.0",
  "lockfileVersion": 3,
  "requires": true,
  "packages": {
    "": {
      "name": "hydrate-npm",
      "version": "1.0.0",
      "dependencies": {
        "plainport-tiny": "file:vendor/plainport-tiny-1.0.0.tgz"
      }
    },
    "node_modules/plainport-tiny": {
      "version": "1.0.0",
      "resolved": "file:vendor/plainport-tiny-1.0.0.tgz",
      "integrity": "sha512-niqHixEH+4v7RIaN5pvbg6EtG2D1kAcEQ7MfcjkEq2phhUO3CmT2IevHSLibYVBR2E6VZZteMjfdJDapslOfAQ==",
      "license": "MIT"
    }
  }
}
