lockfileVersion: '9.0'

settings:
  autoInstallPeers: true
  excludeLinksFromLockfile: false

importers:

  .:
    devDependencies:
      turbo:
        specifier: 2.1.3
        version: 2.1.3

  apps/web:
    dependencies:
      next:
        specifier: 14.2.15
        version: 14.2.15

  packages/ui:
    devDependencies:
      tsup:
        specifier: 8.3.0
        version: 8.3.0
