{
  "lockfileVersion": 1,
  "configVersion": 1,
  "workspaces": {
    "": {
      "name": "hydrate-bun",
      "dependencies": {
        "plainport-tiny": "file:vendor/plainport-tiny-1.0.0.tgz",
      },
    },
  },
  "packages": {
    "plainport-tiny": ["plainport-tiny@vendor/plainport-tiny-1.0.0.tgz", {}, "sha512-niqHixEH+4v7RIaN5pvbg6EtG2D1kAcEQ7MfcjkEq2phhUO3CmT2IevHSLibYVBR2E6VZZteMjfdJDapslOfAQ=="],
  }
}
